{
  "name": "angular-weather",
  "version": "1.0.0",
  "lockfileVersion": 1,
  "requires": true,
  "dependencies": {
    "angular": {
      "version": "1.4.14",
      "resolved": "https://registry.npmjs.org/angular/-/angular-1.4.14.tgz",
      "integrity": "sha1-nQ/q9gzm5SzlD0nuMoZW0eGHXDc="
    },
    "angular-animate": {
      "version": "1.4.14",
      "resolved": "https://registry.npmjs.org/angular-animate/-/angular-animate-1.4.14.tgz",
      "integrity": "sha1-7kBoyv234jACYxnsbLkgesqJgDg="
    },
    "angular-aria": {
      "version": "1.4.14",
      "resolved": "https://registry.npmjs.org/angular-aria/-/angular-aria-1.4.14.tgz",
      "integrity": "sha1-TIFXGByfZwcxTRXHwqnLy7HrY54="
    },
    "angular-material": {
      "version": "1.1.7",
      "resolved": "https://registry.npmjs.org/angular-material/-/angular-material-1.1.7.tgz",
      "integrity": "sha512-nIEkTk2BfEmqOLXtBFrc39aAwDsM3oNXOQBUqtTA8cxD0OjTKAnkfJaVPWmqFa/h3pt1JhvP+R2Ispg9/skl4A=="
    },
    "angular-messages": {
      "version": "1.4.14",
      "resolved": "https://registry.npmjs.org/angular-messages/-/angular-messages-1.4.14.tgz",
      "integrity": "sha1-tRQHCr97E3e4ji19xqM403A3qYw="
    },
    "angular-resource": {
      "version": "1.4.14",
      "resolved": "https://registry.npmjs.org/angular-resource/-/angular-resource-1.4.14.tgz",
      "integrity": "sha1-OCpITi3OJb+7U1g+eD+D5dxb7mQ="
    },
    "angular-route": {
      "version": "1.4.14",
      "resolved": "https://registry.npmjs.org/angular-route/-/angular-route-1.4.14.tgz",
      "integrity": "sha1-Ll2/4SOUI8Z4Flw5uzhgGtZqB5Q="
    },
    "material-design-icons": {
      "version": "3.0.1",
      "resolved": "https://registry.npmjs.org/material-design-icons/-/material-design-icons-3.0.1.tgz",
      "integrity": "sha1-mnHEh0chjrylHlGmbaaCA4zct78="
    }
  }
}
